// !$*UTF8*$!
{
	archiveVersion = 1;
	classes = {
	};
	objectVersion = 50;
	objects = {

/* Begin PBXBuildFile section */
		1FAA7B1D24EEB1F3007577FC /* AppDelegate.swift in Sources */ = {isa = PBXBuildFile; fileRef = 1FAA7B1C24EEB1F3007577FC /* AppDelegate.swift */; };
		1FAA7B1F24EEB1F3007577FC /* SceneDelegate.swift in Sources */ = {isa = PBXBuildFile; fileRef = 1FAA7B1E24EEB1F3007577FC /* SceneDelegate.swift */; };
		1FAA7B2124EEB1F3007577FC /* ContentView.swift in Sources */ = {isa = PBXBuildFile; fileRef = 1FAA7B2024EEB1F3007577FC /* ContentView.swift */; };
		1FAA7B2324EEB1F5007577FC /* Assets.xcassets in Resources */ = {isa = PBXBuildFile; fileRef = 1FAA7B2224EEB1F5007577FC /* Assets.xcassets */; };
		1FAA7B2624EEB1F5007577FC /* Preview Assets.xcassets in Resources */ = {isa = PBXBuildFile; fileRef = 1FAA7B2524EEB1F5007577FC /* Preview Assets.xcassets */; };
		1FAA7B2924EEB1F5007577FC /* LaunchScreen.storyboard in Resources */ = {isa = PBXBuildFile; fileRef = 1FAA7B2724EEB1F5007577FC /* LaunchScreen.storyboard */; };
		1FAA7B3124EEB32B007577FC /* SetGameModel.swift in Sources */ = {isa = PBXBuildFile; fileRef = 1FAA7B3024EEB32B007577FC /* SetGameModel.swift */; };
		1FAA7B3324EEBA0D007577FC /* SetGameVM.swift in Sources */ = {isa = PBXBuildFile; fileRef = 1FAA7B3224EEBA0D007577FC /* SetGameVM.swift */; };
		1FAA7B3524EEC225007577FC /* Array+Identifiable.swift in Sources */ = {isa = PBXBuildFile; fileRef = 1FAA7B3424EEC225007577FC /* Array+Identifiable.swift */; };
/* End PBXBuildFile section */

/* Begin PBXFileReference section */
		1FAA7B1924EEB1F3007577FC /* SetGame.app */ = {isa = PBXFileReference; explicitFileType = wrapper.application; includeInIndex = 0; path = SetGame.app; sourceTree = BUILT_PRODUCTS_DIR; };
		1FAA7B1C24EEB1F3007577FC /* AppDelegate.swift */ = {isa = PBXFileReference; lastKnownFileType = sourcecode.swift; path = AppDelegate.swift; sourceTree = "<group>"; };
		1FAA7B1E24EEB1F3007577FC /* SceneDelegate.swift */ = {isa = PBXFileReference; lastKnownFileType = sourcecode.swift; path = SceneDelegate.swift; sourceTree = "<group>"; };
		1FAA7B2024EEB1F3007577FC /* ContentView.swift */ = {isa = PBXFileReference; lastKnownFileType = sourcecode.swift; path = ContentView.swift; sourceTree = "<group>"; };
		1FAA7B2224EEB1F5007577FC /* Assets.xcassets */ = {isa = PBXFileReference; lastKnownFileType = folder.assetcatalog; path = Assets.xcassets; sourceTree = "<group>"; };
		1FAA7B2524EEB1F5007577FC /* Preview Assets.xcassets */ = {isa = PBXFileReference; lastKnownFileType = folder.assetcatalog; path = "Preview Assets.xcassets"; sourceTree = "<group>"; };
		1FAA7B2824EEB1F5007577FC /* Base */ = {isa = PBXFileReference; lastKnownFileType = file.storyboard; name = Base; path = Base.lproj/LaunchScreen.storyboard; sourceTree = "<group>"; };
		1FAA7B2A24EEB1F5007577FC /* Info.plist */ = {isa = PBXFileReference; lastKnownFileType = text.plist.xml; path = Info.plist; sourceTree = "<group>"; };
		1FAA7B3024EEB32B007577FC /* SetGameModel.swift */ = {isa = PBXFileReference; lastKnownFileType = sourcecode.swift; path = SetGameModel.swift; sourceTree = SOURCE_ROOT; };
		1FAA7B3224EEBA0D007577FC /* SetGameVM.swift */ = {isa = PBXFileReference; lastKnownFileType = sourcecode.swift; path = SetGameVM.swift; sourceTree = "<group>"; };
		1FAA7B3424EEC225007577FC /* Array+Identifiable.swift */ = {isa = PBXFileReference; lastKnownFileType = sourcecode.swift; path = "Array+Identifiable.swift"; sourceTree = "<group>"; };
/* End PBXFileReference section */

/* Begin PBXFrameworksBuildPhase section */
		1FAA7B1624EEB1F3007577FC /* Frameworks */ = {
			isa = PBXFrameworksBuildPhase;
			buildActionMask = 2147483647;
			files = (
			);
			runOnlyForDeploymentPostprocessing = 0;
		};
/* End PBXFrameworksBuildPhase section */

/* Begin PBXGroup section */
		1FAA7B1024EEB1F3007577FC = {
			isa = PBXGroup;
			children = (
				1FAA7B1B24EEB1F3007577FC /* SetGame */,
				1FAA7B1A24EEB1F3007577FC /* Products */,
			);
			sourceTree = "<group>";
		};
		1FAA7B1A24EEB1F3007577FC /* Products */ = {
			isa = PBXGroup;
			children = (
				1FAA7B1924EEB1F3007577FC /* SetGame.app */,
			);
			name = Products;
			sourceTree = "<group>";
		};
		1FAA7B1B24EEB1F3007577FC /* SetGame */ = {
			isa = PBXGroup;
			children = (
				1FAA7B3424EEC225007577FC /* Array+Identifiable.swift */,
				1FAA7B3024EEB32B007577FC /* SetGameModel.swift */,
				1FAA7B3224EEBA0D007577FC /* SetGameVM.swift */,
				1FAA7B1C24EEB1F3007577FC /* AppDelegate.swift */,
				1FAA7B1E24EEB1F3007577FC /* SceneDelegate.swift */,
				1FAA7B2024EEB1F3007577FC /* ContentView.swift */,
				1FAA7B2224EEB1F5007577FC /* Assets.xcassets */,
				1FAA7B2724EEB1F5007577FC /* LaunchScreen.storyboard */,
				1FAA7B2A24EEB1F5007577FC /* Info.plist */,
				1FAA7B2424EEB1F5007577FC /* Preview Content */,
			);
			path = SetGame;
			sourceTree = "<group>";
		};
		1FAA7B2424EEB1F5007577FC /* Preview Content */ = {
			isa = PBXGroup;
			children = (
				1FAA7B2524EEB1F5007577FC /* Preview Assets.xcassets */,
			);
			path = "Preview Content";
			sourceTree = "<group>";
		};
/* End PBXGroup section */

/* Begin PBXNativeTarget section */
		1FAA7B1824EEB1F3007577FC /* SetGame */ = {
			isa = PBXNativeTarget;
			buildConfigurationList = 1FAA7B2D24EEB1F5007577FC /* Build configuration list for PBXNativeTarget "SetGame" */;
			buildPhases = (
				1FAA7B1524EEB1F3007577FC /* Sources */,
				1FAA7B1624EEB1F3007577FC /* Frameworks */,
				1FAA7B1724EEB1F3007577FC /* Resources */,
			);
			buildRules = (
			);
			dependencies = (
			);
			name = SetGame;
			productName = SetGame;
			productReference = 1FAA7B1924EEB1F3007577FC /* SetGame.app */;
			productType = "com.apple.product-type.application";
		};
/* End PBXNativeTarget section */

/* Begin PBXProject section */
		1FAA7B1124EEB1F3007577FC /* Project object */ = {
			isa = PBXProject;
			attributes = {
				LastSwiftUpdateCheck = 1160;
				LastUpgradeCheck = 1160;
				ORGANIZATIONNAME = JT;
				TargetAttributes = {
					1FAA7B1824EEB1F3007577FC = {
						CreatedOnToolsVersion = 11.6;
					};
				};
			};
			buildConfigurationList = 1FAA7B1424EEB1F3007577FC /* Build configuration list for PBXProject "SetGame" */;
			compatibilityVersion = "Xcode 9.3";
			developmentRegion = en;
			hasScannedForEncodings = 0;
			knownRegions = (
				en,
				Base,
			);
			mainGroup = 1FAA7B1024EEB1F3007577FC;
			productRefGroup = 1FAA7B1A24EEB1F3007577FC /* Products */;
			projectDirPath = "";
			projectRoot = "";
			targets = (
				1FAA7B1824EEB1F3007577FC /* SetGame */,
			);
		};
/* End PBXProject section */

/* Begin PBXResourcesBuildPhase section */
		1FAA7B1724EEB1F3007577FC /* Resources */ = {
			isa = PBXResourcesBuildPhase;
			buildActionMask = 2147483647;
			files = (
				1FAA7B2924EEB1F5007577FC /* LaunchScreen.storyboard in Resources */,
				1FAA7B2624EEB1F5007577FC /* Preview Assets.xcassets in Resources */,
				1FAA7B2324EEB1F5007577FC /* Assets.xcassets in Resources */,
			);
			runOnlyForDeploymentPostprocessing = 0;
		};
/* End PBXResourcesBuildPhase section */

/* Begin PBXSourcesBuildPhase section */
		1FAA7B1524EEB1F3007577FC /* Sources */ = {
			isa = PBXSourcesBuildPhase;
			buildActionMask = 2147483647;
			files = (
				1FAA7B3324EEBA0D007577FC /* SetGameVM.swift in Sources */,
				1FAA7B3124EEB32B007577FC /* SetGameModel.swift in Sources */,
				1FAA7B1D24EEB1F3007577FC /* AppDelegate.swift in Sources */,
				1FAA7B1F24EEB1F3007577FC /* SceneDelegate.swift in Sources */,
				1FAA7B2124EEB1F3007577FC /* ContentView.swift in Sources */,
				1FAA7B3524EEC225007577FC /* Array+Identifiable.swift in Sources */,
			);
			runOnlyForDeploymentPostprocessing = 0;
		};
/* End PBXSourcesBuildPhase section */

/* Begin PBXVariantGroup section */
		1FAA7B2724EEB1F5007577FC /* LaunchScreen.storyboard */ = {
			isa = PBXVariantGroup;
			children = (
				1FAA7B2824EEB1F5007577FC /* Base */,
			);
			name = LaunchScreen.storyboard;
			sourceTree = "<group>";
		};
/* End PBXVariantGroup section */

/* Begin XCBuildConfiguration section */
		1FAA7B2B24EEB1F5007577FC /* Debug */ = {
			isa = XCBuildConfiguration;
			buildSettings = {
				ALWAYS_SEARCH_USER_PATHS = NO;
				CLANG_ANALYZER_NONNULL = YES;
				CLANG_ANALYZER_NUMBER_OBJECT_CONVERSION = YES_AGGRESSIVE;
				CLANG_CXX_LANGUAGE_STANDARD = "gnu++14";
				CLANG_CXX_LIBRARY = "libc++";
				CLANG_ENABLE_MODULES = YES;
				CLANG_ENABLE_OBJC_ARC = YES;
				CLANG_ENABLE_OBJC_WEAK = YES;
				CLANG_WARN_BLOCK_CAPTURE_AUTORELEASING = YES;
				CLANG_WARN_BOOL_CONVERSION = YES;
				CLANG_WARN_COMMA = YES;
				CLANG_WARN_CONSTANT_CONVERSION = YES;
				CLANG_WARN_DEPRECATED_OBJC_IMPLEMENTATIONS = YES;
				CLANG_WARN_DIRECT_OBJC_ISA_USAGE = YES_ERROR;
				CLANG_WARN_DOCUMENTATION_COMMENTS = YES;
				CLANG_WARN_EMPTY_BODY = YES;
				CLANG_WARN_ENUM_CONVERSION = YES;
				CLANG_WARN_INFINITE_RECURSION = YES;
				CLANG_WARN_INT_CONVERSION = YES;
				CLANG_WARN_NON_LITERAL_NULL_CONVERSION = YES;
				CLANG_WARN_OBJC_IMPLICIT_RETAIN_SELF = YES;
				CLANG_WARN_OBJC_LITERAL_CONVERSION = YES;
				CLANG_WARN_OBJC_ROOT_CLASS = YES_ERROR;
				CLANG_WARN_RANGE_LOOP_ANALYSIS = YES;
				CLANG_WARN_STRICT_PROTOTYPES = YES;
				CLANG_WARN_SUSPICIOUS_MOVE = YES;
				CLANG_WARN_UNGUARDED_AVAILABILITY = YES_AGGRESSIVE;
				CLANG_WARN_UNREACHABLE_CODE = YES;
				CLANG_WARN__DUPLICATE_METHOD_MATCH = YES;
				COPY_PHASE_STRIP = NO;
				DEBUG_INFORMATION_FORMAT = dwarf;
				ENABLE_STRICT_OBJC_MSGSEND = YES;
				ENABLE_TESTABILITY = YES;
				GCC_C_LANGUAGE_STANDARD = gnu11;
				GCC_DYNAMIC_NO_PIC = NO;
				GCC_NO_COMMON_BLOCKS = YES;
				GCC_OPTIMIZATION_LEVEL = 0;
				GCC_PREPROCESSOR_DEFINITIONS = (
					"DEBUG=1",
					"$(inherited)",
				);
				GCC_WARN_64_TO_32_BIT_CONVERSION = YES;
				GCC_WARN_ABOUT_RETURN_TYPE = YES_ERROR;
				GCC_WARN_UNDECLARED_SELECTOR = YES;
				GCC_WARN_UNINITIALIZED_AUTOS = YES_AGGRESSIVE;
				GCC_WARN_UNUSED_FUNCTION = YES;
				GCC_WARN_UNUSED_VARIABLE = YES;
				IPHONEOS_DEPLOYMENT_TARGET = 13.6;
				MTL_ENABLE_DEBUG_INFO = INCLUDE_SOURCE;
				MTL_FAST_MATH = YES;
				ONLY_ACTIVE_ARCH = YES;
				SDKROOT = iphoneos;
				SWIFT_ACTIVE_COMPILATION_CONDITIONS = DEBUG;
				SWIFT_OPTIMIZATION_LEVEL = "-Onone";
			};
			name = Debug;
		};
		1FAA7B2C24EEB1F5007577FC /* Release */ = {
			isa = XCBuildConfiguration;
			buildSettings = {
				ALWAYS_SEARCH_USER_PATHS = NO;
				CLANG_ANALYZER_NONNULL = YES;
				CLANG_ANALYZER_NUMBER_OBJECT_CONVERSION = YES_AGGRESSIVE;
				CLANG_CXX_LANGUAGE_STANDARD = "gnu++14";
				CLANG_CXX_LIBRARY = "libc++";
				CLANG_ENABLE_MODULES = YES;
				CLANG_ENABLE_OBJC_ARC = YES;
				CLANG_ENABLE_OBJC_WEAK = YES;
				CLANG_WARN_BLOCK_CAPTURE_AUTORELEASING = YES;
				CLANG_WARN_BOOL_CONVERSION = YES;
				CLANG_WARN_COMMA = YES;
				CLANG_WARN_CONSTANT_CONVERSION = YES;
				CLANG_WARN_DEPRECATED_OBJC_IMPLEMENTATIONS = YES;
				CLANG_WARN_DIRECT_OBJC_ISA_USAGE = YES_ERROR;
				CLANG_WARN_DOCUMENTATION_COMMENTS = YES;
				CLANG_WARN_EMPTY_BODY = YES;
				CLANG_WARN_ENUM_CONVERSION = YES;
				CLANG_WARN_INFINITE_RECURSION = YES;
				CLANG_WARN_INT_CONVERSION = YES;
				CLANG_WARN_NON_LITERAL_NULL_CONVERSION = YES;
				CLANG_WARN_OBJC_IMPLICIT_RETAIN_SELF = YES;
				CLANG_WARN_OBJC_LITERAL_CONVERSION = YES;
				CLANG_WARN_OBJC_ROOT_CLASS = YES_ERROR;
				CLANG_WARN_RANGE_LOOP_ANALYSIS = YES;
				CLANG_WARN_STRICT_PROTOTYPES = YES;
				CLANG_WARN_SUSPICIOUS_MOVE = YES;
				CLANG_WARN_UNGUARDED_AVAILABILITY = YES_AGGRESSIVE;
				CLANG_WARN_UNREACHABLE_CODE = YES;
				CLANG_WARN__DUPLICATE_METHOD_MATCH = YES;
				COPY_PHASE_STRIP = NO;
				DEBUG_INFORMATION_FORMAT = "dwarf-with-dsym";
				ENABLE_NS_ASSERTIONS = NO;
				ENABLE_STRICT_OBJC_MSGSEND = YES;
				GCC_C_LANGUAGE_STANDARD = gnu11;
				GCC_NO_COMMON_BLOCKS = YES;
				GCC_WARN_64_TO_32_BIT_CONVERSION = YES;
				GCC_WARN_ABOUT_RETURN_TYPE = YES_ERROR;
				GCC_WARN_UNDECLARED_SELECTOR = YES;
				GCC_WARN_UNINITIALIZED_AUTOS = YES_AGGRESSIVE;
				GCC_WARN_UNUSED_FUNCTION = YES;
				GCC_WARN_UNUSED_VARIABLE = YES;
				IPHONEOS_DEPLOYMENT_TARGET = 13.6;
				MTL_ENABLE_DEBUG_INFO = NO;
				MTL_FAST_MATH = YES;
				SDKROOT = iphoneos;
				SWIFT_COMPILATION_MODE = wholemodule;
				SWIFT_OPTIMIZATION_LEVEL = "-O";
				VALIDATE_PRODUCT = YES;
			};
			name = Release;
		};
		1FAA7B2E24EEB1F5007577FC /* Debug */ = {
			isa = XCBuildConfiguration;
			buildSettings = {
				ASSETCATALOG_COMPILER_APPICON_NAME = AppIcon;
				CODE_SIGN_STYLE = Automatic;
				DEVELOPMENT_ASSET_PATHS = "\"SetGame/Preview Content\"";
				ENABLE_PREVIEWS = YES;
				INFOPLIST_FILE = SetGame/Info.plist;
				LD_RUNPATH_SEARCH_PATHS = (
					"$(inherited)",
					"@executable_path/Frameworks",
				);
				PRODUCT_BUNDLE_IDENTIFIER = com.jtworld.SetGame;
				PRODUCT_NAME = "$(TARGET_NAME)";
				SWIFT_VERSION = 5.0;
				TARGETED_DEVICE_FAMILY = "1,2";
			};
			name = Debug;
		};
		1FAA7B2F24EEB1F5007577FC /* Release */ = {
			isa = XCBuildConfiguration;
			buildSettings = {
				ASSETCATALOG_COMPILER_APPICON_NAME = AppIcon;
				CODE_SIGN_STYLE = Automatic;
				DEVELOPMENT_ASSET_PATHS = "\"SetGame/Preview Content\"";
				ENABLE_PREVIEWS = YES;
				INFOPLIST_FILE = SetGame/Info.plist;
				LD_RUNPATH_SEARCH_PATHS = (
					"$(inherited)",
					"@executable_path/Frameworks",
				);
				PRODUCT_BUNDLE_IDENTIFIER = com.jtworld.SetGame;
				PRODUCT_NAME = "$(TARGET_NAME)";
				SWIFT_VERSION = 5.0;
				TARGETED_DEVICE_FAMILY = "1,2";
			};
			name = Release;
		};
/* End XCBuildConfiguration section */

/* Begin XCConfigurationList section */
		1FAA7B1424EEB1F3007577FC /* Build configuration list for PBXProject "SetGame" */ = {
			isa = XCConfigurationList;
			buildConfigurations = (
				1FAA7B2B24EEB1F5007577FC /* Debug */,
				1FAA7B2C24EEB1F5007577FC /* Release */,
			);
			defaultConfigurationIsVisible = 0;
			defaultConfigurationName = Release;
		};
		1FAA7B2D24EEB1F5007577FC /* Build configuration list for PBXNativeTarget "SetGame" */ = {
			isa = XCConfigurationList;
			buildConfigurations = (
				1FAA7B2E24EEB1F5007577FC /* Debug */,
				1FAA7B2F24EEB1F5007577FC /* Release */,
			);
			defaultConfigurationIsVisible = 0;
			defaultConfigurationName = Release;
		};
/* End XCConfigurationList section */
	};
	rootObject = 1FAA7B1124EEB1F3007577FC /* Project object */;
}
